# This file is automatically @generated by Cargo.
# It is not intended for manual editing.
version = 4

[[package]]
name = "adder"
version = "0.1.0"
dependencies = [
 "wit-bindgen-rt",
]

[[package]]
name = "bitflags"
version = "2.9.3"
source = "registry+https://github.com/rust-lang/crates.io-index"
checksum = "34efbcccd345379ca2868b2b2c9d3782e9cc58ba87bc7d79d5b53d9c9ae6f25d"

[[package]]
name = "calculate"
version = "0.1.0"
dependencies = [
 "wit-bindgen-rt",
]

[[package]]
name = "run-me"
version = "0.1.0"
dependencies = [
 "wit-bindgen-rt",
]

[[package]]
name = "wit-bindgen-rt"
version = "0.27.0"
source = "registry+https://github.com/rust-lang/crates.io-index"
checksum = "75956ff0a04a87ca0526b07199ce3b9baee899f2e4723b5b63aa296ab172ec52"
dependencies = [
 "bitflags",
]
